
Microsoft Visual Studio Solution File, Format Version 12.00
# Visual Studio 15
VisualStudioVersion = 15.0.27428.2002
MinimumVisualStudioVersion = 10.0.40219.1
Project("{8BC9CEB8-8B4A-11D0-8D11-00A0C91BC942}") = "栈和队列", "栈和队列\栈和队列.vcxproj", "{572F344E-0BF2-4ABF-96C1-796551F36E89}"
EndProject
Global
	GlobalSection(SolutionConfigurationPlatforms) = preSolution
		Debug|x64 = Debug|x64
		Debug|x86 = Debug|x86
		Release|x64 = Release|x64
		Release|x86 = Release|x86
	EndGlobalSection
	GlobalSection(ProjectConfigurationPlatforms) = postSolution
		{572F344E-0BF2-4ABF-96C1-796551F36E89}.Debug|x64.ActiveCfg = Debug|x64
		{572F344E-0BF2-4ABF-96C1-796551F36E89}.Debug|x64.Build.0 = Debug|x64
		{572F344E-0BF2-4ABF-96C1-796551F36E89}.Debug|x86.ActiveCfg = Debug|Win32
		{572F344E-0BF2-4ABF-96C1-796551F36E89}.Debug|x86.Build.0 = Debug|Win32
		{572F344E-0BF2-4ABF-96C1-796551F36E89}.Release|x64.ActiveCfg = Release|x64
		{572F344E-0BF2-4ABF-96C1-796551F36E89}.Release|x64.Build.0 = Release|x64
		{572F344E-0BF2-4ABF-96C1-796551F36E89}.Release|x86.ActiveCfg = Release|Win32
		{572F344E-0BF2-4ABF-96C1-796551F36E89}.Release|x86.Build.0 = Release|Win32
	EndGlobalSection
	GlobalSection(SolutionProperties) = preSolution
		HideSolutionNode = FALSE
	EndGlobalSection
	GlobalSection(ExtensibilityGlobals) = postSolution
		SolutionGuid = {E31BCF81-0112-4117-B455-D50C3591BE1C}
	EndGlobalSection
EndGlobal
